// !$*UTF8*$!
{
	archiveVersion = 1;
	classes = {
	};
	objectVersion = 55;
	objects = {

/* Begin PBXBuildFile section */
		C83BAFF327EF313000239DEA /* HierarchyResponderExampleApp.swift in Sources */ = {isa = PBXBuildFile; fileRef = C83BAFF227EF313000239DEA /* HierarchyResponderExampleApp.swift */; };
		C83BAFF527EF313000239DEA /* ContentView.swift in Sources */ = {isa = PBXBuildFile; fileRef = C83BAFF427EF313000239DEA /* ContentView.swift */; };
		C83BAFF727EF313200239DEA /* Assets.xcassets in Resources */ = {isa = PBXBuildFile; fileRef = C83BAFF627EF313200239DEA /* Assets.xcassets */; };
		C83BAFFA27EF313200239DEA /* Preview Assets.xcassets in Resources */ = {isa = PBXBuildFile; fileRef = C83BAFF927EF313200239DEA /* Preview Assets.xcassets */; };
		C83BB00427EF318600239DEA /* HierarchyResponder in Frameworks */ = {isa = PBXBuildFile; productRef = C83BB00327EF318600239DEA /* HierarchyResponder */; };
		C8B544DD288A166A00C79F96 /* HierarchyResponderMacExampleApp.swift in Sources */ = {isa = PBXBuildFile; fileRef = C8B544DC288A166A00C79F96 /* HierarchyResponderMacExampleApp.swift */; };
		C8B544DF288A166A00C79F96 /* ContentView.swift in Sources */ = {isa = PBXBuildFile; fileRef = C8B544DE288A166A00C79F96 /* ContentView.swift */; };
		C8B544E1288A166C00C79F96 /* Assets.xcassets in Resources */ = {isa = PBXBuildFile; fileRef = C8B544E0288A166C00C79F96 /* Assets.xcassets */; };
		C8B544E4288A166C00C79F96 /* Preview Assets.xcassets in Resources */ = {isa = PBXBuildFile; fileRef = C8B544E3288A166C00C79F96 /* Preview Assets.xcassets */; };
		C8B544EA288A167E00C79F96 /* HierarchyResponder in Frameworks */ = {isa = PBXBuildFile; productRef = C8B544E9288A167E00C79F96 /* HierarchyResponder */; };
/* End PBXBuildFile section */

/* Begin PBXFileReference section */
		C83BAFEF27EF313000239DEA /* HierarchyResponderExample.app */ = {isa = PBXFileReference; explicitFileType = wrapper.application; includeInIndex = 0; path = HierarchyResponderExample.app; sourceTree = BUILT_PRODUCTS_DIR; };
		C83BAFF227EF313000239DEA /* HierarchyResponderExampleApp.swift */ = {isa = PBXFileReference; lastKnownFileType = sourcecode.swift; path = HierarchyResponderExampleApp.swift; sourceTree = "<group>"; };
		C83BAFF427EF313000239DEA /* ContentView.swift */ = {isa = PBXFileReference; lastKnownFileType = sourcecode.swift; path = ContentView.swift; sourceTree = "<group>"; };
		C83BAFF627EF313200239DEA /* Assets.xcassets */ = {isa = PBXFileReference; lastKnownFileType = folder.assetcatalog; path = Assets.xcassets; sourceTree = "<group>"; };
		C83BAFF927EF313200239DEA /* Preview Assets.xcassets */ = {isa = PBXFileReference; lastKnownFileType = folder.assetcatalog; path = "Preview Assets.xcassets"; sourceTree = "<group>"; };
		C83BB00127EF316600239DEA /* HierarchyResponder */ = {isa = PBXFileReference; lastKnownFileType = wrapper; name = HierarchyResponder; path = ..; sourceTree = "<group>"; };
		C8B544DA288A166A00C79F96 /* HierarchyResponderMacExample.app */ = {isa = PBXFileReference; explicitFileType = wrapper.application; includeInIndex = 0; path = HierarchyResponderMacExample.app; sourceTree = BUILT_PRODUCTS_DIR; };
		C8B544DC288A166A00C79F96 /* HierarchyResponderMacExampleApp.swift */ = {isa = PBXFileReference; lastKnownFileType = sourcecode.swift; path = HierarchyResponderMacExampleApp.swift; sourceTree = "<group>"; };
		C8B544DE288A166A00C79F96 /* ContentView.swift */ = {isa = PBXFileReference; lastKnownFileType = sourcecode.swift; path = ContentView.swift; sourceTree = "<group>"; };
		C8B544E0288A166C00C79F96 /* Assets.xcassets */ = {isa = PBXFileReference; lastKnownFileType = folder.assetcatalog; path = Assets.xcassets; sourceTree = "<group>"; };
		C8B544E3288A166C00C79F96 /* Preview Assets.xcassets */ = {isa = PBXFileReference; lastKnownFileType = folder.assetcatalog; path = "Preview Assets.xcassets"; sourceTree = "<group>"; };
		C8B544E5288A166C00C79F96 /* HierarchyResponderMacExample.entitlements */ = {isa = PBXFileReference; lastKnownFileType = text.plist.entitlements; path = HierarchyResponderMacExample.entitlements; sourceTree = "<group>"; };
/* End PBXFileReference section */

/* Begin PBXFrameworksBuildPhase section */
		C83BAFEC27EF313000239DEA /* Frameworks */ = {
			isa = PBXFrameworksBuildPhase;
			buildActionMask = 2147483647;
			files = (
				C83BB00427EF318600239DEA /* HierarchyResponder in Frameworks */,
			);
			runOnlyForDeploymentPostprocessing = 0;
		};
		C8B544D7288A166A00C79F96 /* Frameworks */ = {
			isa = PBXFrameworksBuildPhase;
			buildActionMask = 2147483647;
			files = (
				C8B544EA288A167E00C79F96 /* HierarchyResponder in Frameworks */,
			);
			runOnlyForDeploymentPostprocessing = 0;
		};
/* End PBXFrameworksBuildPhase section */

/* Begin PBXGroup section */
		C83BAFE627EF313000239DEA = {
			isa = PBXGroup;
			children = (
				C83BAFF127EF313000239DEA /* HierarchyResponderExample */,
				C8B544DB288A166A00C79F96 /* HierarchyResponderMacExample */,
				C83BB00027EF316600239DEA /* Packages */,
				C83BAFF027EF313000239DEA /* Products */,
				C83BB00227EF318600239DEA /* Frameworks */,
			);
			sourceTree = "<group>";
		};
		C83BAFF027EF313000239DEA /* Products */ = {
			isa = PBXGroup;
			children = (
				C83BAFEF27EF313000239DEA /* HierarchyResponderExample.app */,
				C8B544DA288A166A00C79F96 /* HierarchyResponderMacExample.app */,
			);
			name = Products;
			sourceTree = "<group>";
		};
		C83BAFF127EF313000239DEA /* HierarchyResponderExample */ = {
			isa = PBXGroup;
			children = (
				C83BAFF227EF313000239DEA /* HierarchyResponderExampleApp.swift */,
				C83BAFF427EF313000239DEA /* ContentView.swift */,
				C83BAFF627EF313200239DEA /* Assets.xcassets */,
				C83BAFF827EF313200239DEA /* Preview Content */,
			);
			path = HierarchyResponderExample;
			sourceTree = "<group>";
		};
		C83BAFF827EF313200239DEA /* Preview Content */ = {
			isa = PBXGroup;
			children = (
				C83BAFF927EF313200239DEA /* Preview Assets.xcassets */,
			);
			path = "Preview Content";
			sourceTree = "<group>";
		};
		C83BB00027EF316600239DEA /* Packages */ = {
			isa = PBXGroup;
			children = (
				C83BB00127EF316600239DEA /* HierarchyResponder */,
			);
			name = Packages;
			sourceTree = "<group>";
		};
		C83BB00227EF318600239DEA /* Frameworks */ = {
			isa = PBXGroup;
			children = (
			);
			name = Frameworks;
			sourceTree = "<group>";
		};
		C8B544DB288A166A00C79F96 /* HierarchyResponderMacExample */ = {
			isa = PBXGroup;
			children = (
				C8B544DC288A166A00C79F96 /* HierarchyResponderMacExampleApp.swift */,
				C8B544DE288A166A00C79F96 /* ContentView.swift */,
				C8B544E0288A166C00C79F96 /* Assets.xcassets */,
				C8B544E5288A166C00C79F96 /* HierarchyResponderMacExample.entitlements */,
				C8B544E2288A166C00C79F96 /* Preview Content */,
			);
			path = HierarchyResponderMacExample;
			sourceTree = "<group>";
		};
		C8B544E2288A166C00C79F96 /* Preview Content */ = {
			isa = PBXGroup;
			children = (
				C8B544E3288A166C00C79F96 /* Preview Assets.xcassets */,
			);
			path = "Preview Content";
			sourceTree = "<group>";
		};
/* End PBXGroup section */

/* Begin PBXNativeTarget section */
		C83BAFEE27EF313000239DEA /* HierarchyResponderExample */ = {
			isa = PBXNativeTarget;
			buildConfigurationList = C83BAFFD27EF313200239DEA /* Build configuration list for PBXNativeTarget "HierarchyResponderExample" */;
			buildPhases = (
				C83BAFEB27EF313000239DEA /* Sources */,
				C83BAFEC27EF313000239DEA /* Frameworks */,
				C83BAFED27EF313000239DEA /* Resources */,
			);
			buildRules = (
			);
			dependencies = (
			);
			name = HierarchyResponderExample;
			packageProductDependencies = (
				C83BB00327EF318600239DEA /* HierarchyResponder */,
			);
			productName = HierarchyResponderExample;
			productReference = C83BAFEF27EF313000239DEA /* HierarchyResponderExample.app */;
			productType = "com.apple.product-type.application";
		};
		C8B544D9288A166A00C79F96 /* HierarchyResponderMacExample */ = {
			isa = PBXNativeTarget;
			buildConfigurationList = C8B544E6288A166C00C79F96 /* Build configuration list for PBXNativeTarget "HierarchyResponderMacExample" */;
			buildPhases = (
				C8B544D6288A166A00C79F96 /* Sources */,
				C8B544D7288A166A00C79F96 /* Frameworks */,
				C8B544D8288A166A00C79F96 /* Resources */,
			);
			buildRules = (
			);
			dependencies = (
			);
			name = HierarchyResponderMacExample;
			packageProductDependencies = (
				C8B544E9288A167E00C79F96 /* HierarchyResponder */,
			);
			productName = HierarchyResponderMacExample;
			productReference = C8B544DA288A166A00C79F96 /* HierarchyResponderMacExample.app */;
			productType = "com.apple.product-type.application";
		};
/* End PBXNativeTarget section */

/* Begin PBXProject section */
		C83BAFE727EF313000239DEA /* Project object */ = {
			isa = PBXProject;
			attributes = {
				BuildIndependentTargetsInParallel = 1;
				LastSwiftUpdateCheck = 1400;
				LastUpgradeCheck = 1330;
				TargetAttributes = {
					C83BAFEE27EF313000239DEA = {
						CreatedOnToolsVersion = 13.3;
					};
					C8B544D9288A166A00C79F96 = {
						CreatedOnToolsVersion = 14.0;
					};
				};
			};
			buildConfigurationList = C83BAFEA27EF313000239DEA /* Build configuration list for PBXProject "HierarchyResponderExample" */;
			compatibilityVersion = "Xcode 13.0";
			developmentRegion = en;
			hasScannedForEncodings = 0;
			knownRegions = (
				en,
				Base,
			);
			mainGroup = C83BAFE627EF313000239DEA;
			productRefGroup = C83BAFF027EF313000239DEA /* Products */;
			projectDirPath = "";
			projectRoot = "";
			targets = (
				C83BAFEE27EF313000239DEA /* HierarchyResponderExample */,
				C8B544D9288A166A00C79F96 /* HierarchyResponderMacExample */,
			);
		};
/* End PBXProject section */

/* Begin PBXResourcesBuildPhase section */
		C83BAFED27EF313000239DEA /* Resources */ = {
			isa = PBXResourcesBuildPhase;
			buildActionMask = 2147483647;
			files = (
				C83BAFFA27EF313200239DEA /* Preview Assets.xcassets in Resources */,
				C83BAFF727EF313200239DEA /* Assets.xcassets in Resources */,
			);
			runOnlyForDeploymentPostprocessing = 0;
		};
		C8B544D8288A166A00C79F96 /* Resources */ = {
			isa = PBXResourcesBuildPhase;
			buildActionMask = 2147483647;
			files = (
				C8B544E4288A166C00C79F96 /* Preview Assets.xcassets in Resources */,
				C8B544E1288A166C00C79F96 /* Assets.xcassets in Resources */,
			);
			runOnlyForDeploymentPostprocessing = 0;
		};
/* End PBXResourcesBuildPhase section */

/* Begin PBXSourcesBuildPhase section */
		C83BAFEB27EF313000239DEA /* Sources */ = {
			isa = PBXSourcesBuildPhase;
			buildActionMask = 2147483647;
			files = (
				C83BAFF527EF313000239DEA /* ContentView.swift in Sources */,
				C83BAFF327EF313000239DEA /* HierarchyResponderExampleApp.swift in Sources */,
			);
			runOnlyForDeploymentPostprocessing = 0;
		};
		C8B544D6288A166A00C79F96 /* Sources */ = {
			isa = PBXSourcesBuildPhase;
			buildActionMask = 2147483647;
			files = (
				C8B544DF288A166A00C79F96 /* ContentView.swift in Sources */,
				C8B544DD288A166A00C79F96 /* HierarchyResponderMacExampleApp.swift in Sources */,
			);
			runOnlyForDeploymentPostprocessing = 0;
		};
/* End PBXSourcesBuildPhase section */

/* Begin XCBuildConfiguration section */
		C83BAFFB27EF313200239DEA /* Debug */ = {
			isa = XCBuildConfiguration;
			buildSettings = {
				ALWAYS_SEARCH_USER_PATHS = NO;
				CLANG_ANALYZER_NONNULL = YES;
				CLANG_ANALYZER_NUMBER_OBJECT_CONVERSION = YES_AGGRESSIVE;
				CLANG_CXX_LANGUAGE_STANDARD = "gnu++17";
				CLANG_ENABLE_MODULES = YES;
				CLANG_ENABLE_OBJC_ARC = YES;
				CLANG_ENABLE_OBJC_WEAK = YES;
				CLANG_WARN_BLOCK_CAPTURE_AUTORELEASING = YES;
				CLANG_WARN_BOOL_CONVERSION = YES;
				CLANG_WARN_COMMA = YES;
				CLANG_WARN_CONSTANT_CONVERSION = YES;
				CLANG_WARN_DEPRECATED_OBJC_IMPLEMENTATIONS = YES;
				CLANG_WARN_DIRECT_OBJC_ISA_USAGE = YES_ERROR;
				CLANG_WARN_DOCUMENTATION_COMMENTS = YES;
				CLANG_WARN_EMPTY_BODY = YES;
				CLANG_WARN_ENUM_CONVERSION = YES;
				CLANG_WARN_INFINITE_RECURSION = YES;
				CLANG_WARN_INT_CONVERSION = YES;
				CLANG_WARN_NON_LITERAL_NULL_CONVERSION = YES;
				CLANG_WARN_OBJC_IMPLICIT_RETAIN_SELF = YES;
				CLANG_WARN_OBJC_LITERAL_CONVERSION = YES;
				CLANG_WARN_OBJC_ROOT_CLASS = YES_ERROR;
				CLANG_WARN_QUOTED_INCLUDE_IN_FRAMEWORK_HEADER = YES;
				CLANG_WARN_RANGE_LOOP_ANALYSIS = YES;
				CLANG_WARN_STRICT_PROTOTYPES = YES;
				CLANG_WARN_SUSPICIOUS_MOVE = YES;
				CLANG_WARN_UNGUARDED_AVAILABILITY = YES_AGGRESSIVE;
				CLANG_WARN_UNREACHABLE_CODE = YES;
				CLANG_WARN__DUPLICATE_METHOD_MATCH = YES;
				COPY_PHASE_STRIP = NO;
				DEBUG_INFORMATION_FORMAT = dwarf;
				ENABLE_STRICT_OBJC_MSGSEND = YES;
				ENABLE_TESTABILITY = YES;
				GCC_C_LANGUAGE_STANDARD = gnu11;
				GCC_DYNAMIC_NO_PIC = NO;
				GCC_NO_COMMON_BLOCKS = YES;
				GCC_OPTIMIZATION_LEVEL = 0;
				GCC_PREPROCESSOR_DEFINITIONS = (
					"DEBUG=1",
					"$(inherited)",
				);
				GCC_WARN_64_TO_32_BIT_CONVERSION = YES;
				GCC_WARN_ABOUT_RETURN_TYPE = YES_ERROR;
				GCC_WARN_UNDECLARED_SELECTOR = YES;
				GCC_WARN_UNINITIALIZED_AUTOS = YES_AGGRESSIVE;
				GCC_WARN_UNUSED_FUNCTION = YES;
				GCC_WARN_UNUSED_VARIABLE = YES;
				IPHONEOS_DEPLOYMENT_TARGET = 15.4;
				MTL_ENABLE_DEBUG_INFO = INCLUDE_SOURCE;
				MTL_FAST_MATH = YES;
				ONLY_ACTIVE_ARCH = YES;
				SDKROOT = iphoneos;
				SWIFT_ACTIVE_COMPILATION_CONDITIONS = DEBUG;
				SWIFT_OPTIMIZATION_LEVEL = "-Onone";
			};
			name = Debug;
		};
		C83BAFFC27EF313200239DEA /* Release */ = {
			isa = XCBuildConfiguration;
			buildSettings = {
				ALWAYS_SEARCH_USER_PATHS = NO;
				CLANG_ANALYZER_NONNULL = YES;
				CLANG_ANALYZER_NUMBER_OBJECT_CONVERSION = YES_AGGRESSIVE;
				CLANG_CXX_LANGUAGE_STANDARD = "gnu++17";
				CLANG_ENABLE_MODULES = YES;
				CLANG_ENABLE_OBJC_ARC = YES;
				CLANG_ENABLE_OBJC_WEAK = YES;
				CLANG_WARN_BLOCK_CAPTURE_AUTORELEASING = YES;
				CLANG_WARN_BOOL_CONVERSION = YES;
				CLANG_WARN_COMMA = YES;
				CLANG_WARN_CONSTANT_CONVERSION = YES;
				CLANG_WARN_DEPRECATED_OBJC_IMPLEMENTATIONS = YES;
				CLANG_WARN_DIRECT_OBJC_ISA_USAGE = YES_ERROR;
				CLANG_WARN_DOCUMENTATION_COMMENTS = YES;
				CLANG_WARN_EMPTY_BODY = YES;
				CLANG_WARN_ENUM_CONVERSION = YES;
				CLANG_WARN_INFINITE_RECURSION = YES;
				CLANG_WARN_INT_CONVERSION = YES;
				CLANG_WARN_NON_LITERAL_NULL_CONVERSION = YES;
				CLANG_WARN_OBJC_IMPLICIT_RETAIN_SELF = YES;
				CLANG_WARN_OBJC_LITERAL_CONVERSION = YES;
				CLANG_WARN_OBJC_ROOT_CLASS = YES_ERROR;
				CLANG_WARN_QUOTED_INCLUDE_IN_FRAMEWORK_HEADER = YES;
				CLANG_WARN_RANGE_LOOP_ANALYSIS = YES;
				CLANG_WARN_STRICT_PROTOTYPES = YES;
				CLANG_WARN_SUSPICIOUS_MOVE = YES;
				CLANG_WARN_UNGUARDED_AVAILABILITY = YES_AGGRESSIVE;
				CLANG_WARN_UNREACHABLE_CODE = YES;
				CLANG_WARN__DUPLICATE_METHOD_MATCH = YES;
				COPY_PHASE_STRIP = NO;
				DEBUG_INFORMATION_FORMAT = "dwarf-with-dsym";
				ENABLE_NS_ASSERTIONS = NO;
				ENABLE_STRICT_OBJC_MSGSEND = YES;
				GCC_C_LANGUAGE_STANDARD = gnu11;
				GCC_NO_COMMON_BLOCKS = YES;
				GCC_WARN_64_TO_32_BIT_CONVERSION = YES;
				GCC_WARN_ABOUT_RETURN_TYPE = YES_ERROR;
				GCC_WARN_UNDECLARED_SELECTOR = YES;
				GCC_WARN_UNINITIALIZED_AUTOS = YES_AGGRESSIVE;
				GCC_WARN_UNUSED_FUNCTION = YES;
				GCC_WARN_UNUSED_VARIABLE = YES;
				IPHONEOS_DEPLOYMENT_TARGET = 15.4;
				MTL_ENABLE_DEBUG_INFO = NO;
				MTL_FAST_MATH = YES;
				SDKROOT = iphoneos;
				SWIFT_COMPILATION_MODE = wholemodule;
				SWIFT_OPTIMIZATION_LEVEL = "-O";
				VALIDATE_PRODUCT = YES;
			};
			name = Release;
		};
		C83BAFFE27EF313200239DEA /* Debug */ = {
			isa = XCBuildConfiguration;
			buildSettings = {
				ASSETCATALOG_COMPILER_APPICON_NAME = AppIcon;
				ASSETCATALOG_COMPILER_GLOBAL_ACCENT_COLOR_NAME = AccentColor;
				CODE_SIGN_STYLE = Automatic;
				CURRENT_PROJECT_VERSION = 1;
				DEVELOPMENT_ASSET_PATHS = "\"HierarchyResponderExample/Preview Content\"";
				DEVELOPMENT_TEAM = FS696NSBK7;
				ENABLE_PREVIEWS = YES;
				GENERATE_INFOPLIST_FILE = YES;
				INFOPLIST_KEY_UIApplicationSceneManifest_Generation = YES;
				INFOPLIST_KEY_UIApplicationSupportsIndirectInputEvents = YES;
				INFOPLIST_KEY_UILaunchScreen_Generation = YES;
				INFOPLIST_KEY_UISupportedInterfaceOrientations_iPad = "UIInterfaceOrientationPortrait UIInterfaceOrientationPortraitUpsideDown UIInterfaceOrientationLandscapeLeft UIInterfaceOrientationLandscapeRight";
				INFOPLIST_KEY_UISupportedInterfaceOrientations_iPhone = "UIInterfaceOrientationPortrait UIInterfaceOrientationLandscapeLeft UIInterfaceOrientationLandscapeRight";
				LD_RUNPATH_SEARCH_PATHS = (
					"$(inherited)",
					"@executable_path/Frameworks",
				);
				MARKETING_VERSION = 1.0;
				PRODUCT_BUNDLE_IDENTIFIER = com.emiliopelaez.HierarchyResponderExample;
				PRODUCT_NAME = "$(TARGET_NAME)";
				SWIFT_EMIT_LOC_STRINGS = YES;
				SWIFT_VERSION = 5.0;
				TARGETED_DEVICE_FAMILY = "1,2";
			};
			name = Debug;
		};
		C83BAFFF27EF313200239DEA /* Release */ = {
			isa = XCBuildConfiguration;
			buildSettings = {
				ASSETCATALOG_COMPILER_APPICON_NAME = AppIcon;
				ASSETCATALOG_COMPILER_GLOBAL_ACCENT_COLOR_NAME = AccentColor;
				CODE_SIGN_STYLE = Automatic;
				CURRENT_PROJECT_VERSION = 1;
				DEVELOPMENT_ASSET_PATHS = "\"HierarchyResponderExample/Preview Content\"";
				DEVELOPMENT_TEAM = FS696NSBK7;
				ENABLE_PREVIEWS = YES;
				GENERATE_INFOPLIST_FILE = YES;
				INFOPLIST_KEY_UIApplicationSceneManifest_Generation = YES;
				INFOPLIST_KEY_UIApplicationSupportsIndirectInputEvents = YES;
				INFOPLIST_KEY_UILaunchScreen_Generation = YES;
				INFOPLIST_KEY_UISupportedInterfaceOrientations_iPad = "UIInterfaceOrientationPortrait UIInterfaceOrientationPortraitUpsideDown UIInterfaceOrientationLandscapeLeft UIInterfaceOrientationLandscapeRight";
				INFOPLIST_KEY_UISupportedInterfaceOrientations_iPhone = "UIInterfaceOrientationPortrait UIInterfaceOrientationLandscapeLeft UIInterfaceOrientationLandscapeRight";
				LD_RUNPATH_SEARCH_PATHS = (
					"$(inherited)",
					"@executable_path/Frameworks",
				);
				MARKETING_VERSION = 1.0;
				PRODUCT_BUNDLE_IDENTIFIER = com.emiliopelaez.HierarchyResponderExample;
				PRODUCT_NAME = "$(TARGET_NAME)";
				SWIFT_EMIT_LOC_STRINGS = YES;
				SWIFT_VERSION = 5.0;
				TARGETED_DEVICE_FAMILY = "1,2";
			};
			name = Release;
		};
		C8B544E7288A166C00C79F96 /* Debug */ = {
			isa = XCBuildConfiguration;
			buildSettings = {
				ASSETCATALOG_COMPILER_APPICON_NAME = AppIcon;
				ASSETCATALOG_COMPILER_GLOBAL_ACCENT_COLOR_NAME = AccentColor;
				CLANG_CXX_LANGUAGE_STANDARD = "gnu++20";
				CODE_SIGN_ENTITLEMENTS = HierarchyResponderMacExample/HierarchyResponderMacExample.entitlements;
				CODE_SIGN_STYLE = Automatic;
				COMBINE_HIDPI_IMAGES = YES;
				CURRENT_PROJECT_VERSION = 1;
				DEVELOPMENT_ASSET_PATHS = "\"HierarchyResponderMacExample/Preview Content\"";
				DEVELOPMENT_TEAM = FS696NSBK7;
				ENABLE_HARDENED_RUNTIME = YES;
				ENABLE_PREVIEWS = YES;
				GENERATE_INFOPLIST_FILE = YES;
				INFOPLIST_KEY_NSHumanReadableCopyright = "";
				LD_RUNPATH_SEARCH_PATHS = (
					"$(inherited)",
					"@executable_path/../Frameworks",
				);
				MACOSX_DEPLOYMENT_TARGET = 12.4;
				MARKETING_VERSION = 1.0;
				PRODUCT_BUNDLE_IDENTIFIER = com.emiliopelaez.HierarchyResponderMacExample;
				PRODUCT_NAME = "$(TARGET_NAME)";
				SDKROOT = macosx;
				SWIFT_EMIT_LOC_STRINGS = YES;
				SWIFT_VERSION = 5.0;
			};
			name = Debug;
		};
		C8B544E8288A166C00C79F96 /* Release */ = {
			isa = XCBuildConfiguration;
			buildSettings = {
				ASSETCATALOG_COMPILER_APPICON_NAME = AppIcon;
				ASSETCATALOG_COMPILER_GLOBAL_ACCENT_COLOR_NAME = AccentColor;
				CLANG_CXX_LANGUAGE_STANDARD = "gnu++20";
				CODE_SIGN_ENTITLEMENTS = HierarchyResponderMacExample/HierarchyResponderMacExample.entitlements;
				CODE_SIGN_STYLE = Automatic;
				COMBINE_HIDPI_IMAGES = YES;
				CURRENT_PROJECT_VERSION = 1;
				DEVELOPMENT_ASSET_PATHS = "\"HierarchyResponderMacExample/Preview Content\"";
				DEVELOPMENT_TEAM = FS696NSBK7;
				ENABLE_HARDENED_RUNTIME = YES;
				ENABLE_PREVIEWS = YES;
				GENERATE_INFOPLIST_FILE = YES;
				INFOPLIST_KEY_NSHumanReadableCopyright = "";
				LD_RUNPATH_SEARCH_PATHS = (
					"$(inherited)",
					"@executable_path/../Frameworks",
				);
				MACOSX_DEPLOYMENT_TARGET = 12.4;
				MARKETING_VERSION = 1.0;
				PRODUCT_BUNDLE_IDENTIFIER = com.emiliopelaez.HierarchyResponderMacExample;
				PRODUCT_NAME = "$(TARGET_NAME)";
				SDKROOT = macosx;
				SWIFT_EMIT_LOC_STRINGS = YES;
				SWIFT_VERSION = 5.0;
			};
			name = Release;
		};
/* End XCBuildConfiguration section */

/* Begin XCConfigurationList section */
		C83BAFEA27EF313000239DEA /* Build configuration list for PBXProject "HierarchyResponderExample" */ = {
			isa = XCConfigurationList;
			buildConfigurations = (
				C83BAFFB27EF313200239DEA /* Debug */,
				C83BAFFC27EF313200239DEA /* Release */,
			);
			defaultConfigurationIsVisible = 0;
			defaultConfigurationName = Release;
		};
		C83BAFFD27EF313200239DEA /* Build configuration list for PBXNativeTarget "HierarchyResponderExample" */ = {
			isa = XCConfigurationList;
			buildConfigurations = (
				C83BAFFE27EF313200239DEA /* Debug */,
				C83BAFFF27EF313200239DEA /* Release */,
			);
			defaultConfigurationIsVisible = 0;
			defaultConfigurationName = Release;
		};
		C8B544E6288A166C00C79F96 /* Build configuration list for PBXNativeTarget "HierarchyResponderMacExample" */ = {
			isa = XCConfigurationList;
			buildConfigurations = (
				C8B544E7288A166C00C79F96 /* Debug */,
				C8B544E8288A166C00C79F96 /* Release */,
			);
			defaultConfigurationIsVisible = 0;
			defaultConfigurationName = Release;
		};
/* End XCConfigurationList section */

/* Begin XCSwiftPackageProductDependency section */
		C83BB00327EF318600239DEA /* HierarchyResponder */ = {
			isa = XCSwiftPackageProductDependency;
			productName = HierarchyResponder;
		};
		C8B544E9288A167E00C79F96 /* HierarchyResponder */ = {
			isa = XCSwiftPackageProductDependency;
			productName = HierarchyResponder;
		};
/* End XCSwiftPackageProductDependency section */
	};
	rootObject = C83BAFE727EF313000239DEA /* Project object */;
}
